Microsoft Visual Studio Solution File, Format Version 12.00
# Visual Studio 14
VisualStudioVersion = 14.0.25420.1
MinimumVisualStudioVersion = 10.0.40219.1
Project("{FAE04EC0-301F-11D3-BF4B-00C04F79EFBC}") = "imageviewer", "imageviewer.csproj", "{469765C0-1124-416E-8C20-C25603B57094}"
EndProject
Global
	GlobalSection(SolutionConfigurationPlatforms) = preSolution
		Debug|Any CPU = Debug|Any CPU
		Release|Any CPU = Release|Any CPU
	EndGlobalSection
	GlobalSection(ProjectConfigurationPlatforms) = postSolution
		{469765C0-1124-416E-8C20-C25603B57094}.Debug|Any CPU.ActiveCfg = Debug|Any CPU
		{469765C0-1124-416E-8C20-C25603B57094}.Debug|Any CPU.Build.0 = Debug|Any CPU
		{469765C0-1124-416E-8C20-C25603B57094}.Release|Any CPU.ActiveCfg = Release|Any CPU
		{469765C0-1124-416E-8C20-C25603B57094}.Release|Any CPU.Build.0 = Release|Any CPU
	EndGlobalSection
	GlobalSection(SolutionProperties) = preSolution
		HideSolutionNode = FALSE
	EndGlobalSection
EndGlobal
